
Microsoft Visual Studio Solution File, Format Version 12.00
# Visual Studio Version 17
VisualStudioVersion = 17.6.33829.357
MinimumVisualStudioVersion = 10.0.40219.1
Project("{FAE04EC0-301F-11D3-BF4B-00C04F79EFBC}") = "CompositePatternLearning", "CompositePatternLearning\CompositePatternLearning.csproj", "{0A333DAB-4C0D-43ED-AA32-B8DB5A68CA11}"
EndProject
Global
	GlobalSection(SolutionConfigurationPlatforms) = preSolution
		Debug|Any CPU = Debug|Any CPU
		Release|Any CPU = Release|Any CPU
	EndGlobalSection
	GlobalSection(ProjectConfigurationPlatforms) = postSolution
		{0A333DAB-4C0D-43ED-AA32-B8DB5A68CA11}.Debug|Any CPU.ActiveCfg = Debug|Any CPU
		{0A333DAB-4C0D-43ED-AA32-B8DB5A68CA11}.Debug|Any CPU.Build.0 = Debug|Any CPU
		{0A333DAB-4C0D-43ED-AA32-B8DB5A68CA11}.Release|Any CPU.ActiveCfg = Release|Any CPU
		{0A333DAB-4C0D-43ED-AA32-B8DB5A68CA11}.Release|Any CPU.Build.0 = Release|Any CPU
	EndGlobalSection
	GlobalSection(SolutionProperties) = preSolution
		HideSolutionNode = FALSE
	EndGlobalSection
	GlobalSection(ExtensibilityGlobals) = postSolution
		SolutionGuid = {06BFC2CF-833F-4CC6-A4A0-32F0E3BF9C52}
	EndGlobalSection
EndGlobal
